{
  "version": 4,
  "terraform_version": "1.2.3",
  "serial": 79,
  "lineage": "9672b524-8a6c-9505-65de-36a920b67fa1",
  "outputs": {},
  "resources": [
    {
      "mode": "data",
      "type": "gitlab_group",
      "name": "data-desafio-devops",
      "provider": "provider[\"registry.terraform.io/gitlabhq/gitlab\"]",
      "instances": [
        {
          "schema_version": 0,
          "attributes": {
            "default_branch_protection": 2,
            "description": "Teste de criação de um grupo",
            "full_name": "formandoDevOps / desafio-devops",
            "full_path": "formandodevops/desafio-devops",
            "group_id": 59946113,
            "id": "59946113",
            "lfs_enabled": true,
            "name": "desafio-devops",
            "parent_id": 59945787,
            "path": "desafio-devops",
            "prevent_forking_outside_group": false,
            "request_access_enabled": false,
            "runners_token": "GR1348941tnyxPoBU26PtJmpHhTMu",
            "visibility_level": "public",
            "web_url": "https://gitlab.com/groups/formandodevops/desafio-devops"
          },
          "sensitive_attributes": []
        }
      ]
    },
    {
      "mode": "managed",
      "type": "gitlab_group",
      "name": "formandoDevOps",
      "provider": "provider[\"registry.terraform.io/gitlabhq/gitlab\"]",
      "instances": [
        {
          "schema_version": 0,
          "attributes": {
            "auto_devops_enabled": false,
            "default_branch_protection": 2,
            "description": "Teste de criação de um grupo",
            "emails_disabled": false,
            "full_name": "formandoDevOps / desafio-devops",
            "full_path": "formandodevops/desafio-devops",
            "id": "59946113",
            "lfs_enabled": true,
            "mentions_disabled": false,
            "name": "desafio-devops",
            "parent_id": 59945787,
            "path": "desafio-devops",
            "prevent_forking_outside_group": false,
            "project_creation_level": "maintainer",
            "request_access_enabled": false,
            "require_two_factor_authentication": false,
            "runners_token": "GR1348941tnyxPoBU26PtJmpHhTMu",
            "share_with_group_lock": false,
            "subgroup_creation_level": "owner",
            "two_factor_grace_period": 48,
            "visibility_level": "public",
            "web_url": "https://gitlab.com/groups/formandodevops/desafio-devops"
          },
          "sensitive_attributes": [],
          "private": "bnVsbA=="
        }
      ]
    },
    {
      "mode": "managed",
      "type": "gitlab_project",
      "name": "desafio-devops-gitops",
      "provider": "provider[\"registry.terraform.io/gitlabhq/gitlab\"]",
      "instances": [
        {
          "schema_version": 0,
          "attributes": {
            "allow_merge_on_skipped_pipeline": false,
            "analytics_access_level": "enabled",
            "approvals_before_merge": 0,
            "archive_on_destroy": null,
            "archived": false,
            "auto_cancel_pending_pipelines": "enabled",
            "auto_devops_deploy_strategy": "continuous",
            "auto_devops_enabled": false,
            "autoclose_referenced_issues": true,
            "build_coverage_regex": "",
            "build_git_strategy": "fetch",
            "build_timeout": 3600,
            "builds_access_level": "enabled",
            "ci_config_path": "",
            "ci_default_git_depth": 20,
            "ci_forward_deployment_enabled": true,
            "container_expiration_policy": [
              {
                "cadence": "1d",
                "enabled": false,
                "keep_n": 10,
                "name_regex_delete": "",
                "name_regex_keep": "",
                "next_run_at": "2022-11-06T21:12:26Z",
                "older_than": "90d"
              }
            ],
            "container_registry_access_level": "enabled",
            "container_registry_enabled": true,
            "default_branch": "main",
            "description": "Repositorio para implementação do GitOps com ArgoCD",
            "emails_disabled": false,
            "external_authorization_classification_label": "",
            "forking_access_level": "enabled",
            "group_with_project_templates_id": null,
            "http_url_to_repo": "https://gitlab.com/formandodevops/desafio-devops/gitops.git",
            "id": "40807971",
            "import_url": null,
            "initialize_with_readme": null,
            "issues_access_level": "enabled",
            "issues_enabled": true,
            "issues_template": "",
            "lfs_enabled": true,
            "merge_commit_template": "",
            "merge_method": "merge",
            "merge_pipelines_enabled": false,
            "merge_requests_access_level": "enabled",
            "merge_requests_enabled": true,
            "merge_requests_template": "",
            "merge_trains_enabled": false,
            "mirror": false,
            "mirror_overwrites_diverged_branches": false,
            "mirror_trigger_builds": false,
            "name": "gitops",
            "namespace_id": 59946113,
            "only_allow_merge_if_all_discussions_are_resolved": false,
            "only_allow_merge_if_pipeline_succeeds": false,
            "only_mirror_protected_branches": false,
            "operations_access_level": "enabled",
            "packages_enabled": true,
            "pages_access_level": "private",
            "path": "gitops",
            "path_with_namespace": "formandodevops/desafio-devops/gitops",
            "pipelines_enabled": true,
            "printing_merge_request_link_enabled": true,
            "public_builds": false,
            "push_rules": [],
            "remove_source_branch_after_merge": false,
            "repository_access_level": "enabled",
            "repository_storage": "",
            "request_access_enabled": true,
            "requirements_access_level": "enabled",
            "resolve_outdated_diff_discussions": false,
            "runners_token": "GR13489415rYyMQLytoxv8sGKiULF",
            "security_and_compliance_access_level": "private",
            "shared_runners_enabled": false,
            "skip_wait_for_default_branch_protection": null,
            "snippets_access_level": "enabled",
            "snippets_enabled": true,
            "squash_commit_template": "",
            "squash_option": "default_off",
            "ssh_url_to_repo": "git@gitlab.com:formandodevops/desafio-devops/gitops.git",
            "tags": [],
            "template_name": null,
            "template_project_id": null,
            "topics": [],
            "use_custom_template": null,
            "visibility_level": "public",
            "web_url": "https://gitlab.com/formandodevops/desafio-devops/gitops",
            "wiki_access_level": "enabled",
            "wiki_enabled": true
          },
          "sensitive_attributes": [],
          "private": "bnVsbA==",
          "dependencies": [
            "data.gitlab_group.data-desafio-devops",
            "gitlab_group.formandoDevOps"
          ]
        }
      ]
    },
    {
      "mode": "managed",
      "type": "gitlab_project",
      "name": "desafio-devops-podinfo",
      "provider": "provider[\"registry.terraform.io/gitlabhq/gitlab\"]",
      "instances": [
        {
          "schema_version": 0,
          "attributes": {
            "allow_merge_on_skipped_pipeline": false,
            "analytics_access_level": "enabled",
            "approvals_before_merge": 0,
            "archive_on_destroy": null,
            "archived": false,
            "auto_cancel_pending_pipelines": "enabled",
            "auto_devops_deploy_strategy": "continuous",
            "auto_devops_enabled": false,
            "autoclose_referenced_issues": true,
            "build_coverage_regex": "",
            "build_git_strategy": "fetch",
            "build_timeout": 3600,
            "builds_access_level": "enabled",
            "ci_config_path": "",
            "ci_default_git_depth": 20,
            "ci_forward_deployment_enabled": true,
            "container_expiration_policy": [
              {
                "cadence": "1d",
                "enabled": false,
                "keep_n": 10,
                "name_regex_delete": "",
                "name_regex_keep": "",
                "next_run_at": "2022-11-06T21:12:26Z",
                "older_than": "90d"
              }
            ],
            "container_registry_access_level": "enabled",
            "container_registry_enabled": true,
            "default_branch": "main",
            "description": "Repositorio para desafio final do programa Getup - Formando DevOps na vida real",
            "emails_disabled": false,
            "external_authorization_classification_label": "",
            "forking_access_level": "enabled",
            "group_with_project_templates_id": null,
            "http_url_to_repo": "https://gitlab.com/formandodevops/desafio-devops/podinfo.git",
            "id": "40807970",
            "import_url": null,
            "initialize_with_readme": null,
            "issues_access_level": "enabled",
            "issues_enabled": true,
            "issues_template": "",
            "lfs_enabled": true,
            "merge_commit_template": "",
            "merge_method": "merge",
            "merge_pipelines_enabled": false,
            "merge_requests_access_level": "enabled",
            "merge_requests_enabled": true,
            "merge_requests_template": "",
            "merge_trains_enabled": false,
            "mirror": false,
            "mirror_overwrites_diverged_branches": false,
            "mirror_trigger_builds": false,
            "name": "podinfo",
            "namespace_id": 59946113,
            "only_allow_merge_if_all_discussions_are_resolved": false,
            "only_allow_merge_if_pipeline_succeeds": false,
            "only_mirror_protected_branches": false,
            "operations_access_level": "enabled",
            "packages_enabled": true,
            "pages_access_level": "private",
            "path": "podinfo",
            "path_with_namespace": "formandodevops/desafio-devops/podinfo",
            "pipelines_enabled": true,
            "printing_merge_request_link_enabled": true,
            "public_builds": false,
            "push_rules": [],
            "remove_source_branch_after_merge": false,
            "repository_access_level": "enabled",
            "repository_storage": "",
            "request_access_enabled": true,
            "requirements_access_level": "enabled",
            "resolve_outdated_diff_discussions": false,
            "runners_token": "GR1348941knARXXyDtwaYLAS29yGP",
            "security_and_compliance_access_level": "private",
            "shared_runners_enabled": false,
            "skip_wait_for_default_branch_protection": null,
            "snippets_access_level": "enabled",
            "snippets_enabled": true,
            "squash_commit_template": "",
            "squash_option": "default_off",
            "ssh_url_to_repo": "git@gitlab.com:formandodevops/desafio-devops/podinfo.git",
            "tags": [],
            "template_name": null,
            "template_project_id": null,
            "topics": [],
            "use_custom_template": null,
            "visibility_level": "public",
            "web_url": "https://gitlab.com/formandodevops/desafio-devops/podinfo",
            "wiki_access_level": "enabled",
            "wiki_enabled": true
          },
          "sensitive_attributes": [],
          "private": "bnVsbA==",
          "dependencies": [
            "data.gitlab_group.data-desafio-devops",
            "gitlab_group.formandoDevOps"
          ]
        }
      ]
    },
    {
      "mode": "managed",
      "type": "gitlab_repository_file",
      "name": "gitlabci",
      "provider": "provider[\"registry.terraform.io/gitlabhq/gitlab\"]",
      "instances": [
        {
          "schema_version": 0,
          "attributes": {
            "author_email": "rbsantos85@gmail.com",
            "author_name": "Roberto Santos",
            "blob_id": "980c259211eb576b83b00238afb09844670396b4",
            "branch": "main",
            "commit_id": "e6fa992ebd26942afc884737ab77effd918994b9",
            "commit_message": "Teste Create file",
            "content": "IyBEZXNhZmlvIERldk9wcw==",
            "content_sha256": "d773f8be470348a87cbd728306996f172b5c2ed05b29c5425fd8cced1b3a73b9",
            "encoding": "base64",
            "execute_filemode": false,
            "file_name": "README.md",
            "file_path": "README.md",
            "id": "40807970:main:README.md",
            "last_commit_id": "e6fa992ebd26942afc884737ab77effd918994b9",
            "project": "40807970",
            "ref": "main",
            "size": 16,
            "start_branch": null,
            "timeouts": null
          },
          "sensitive_attributes": [],
          "private": "eyJlMmJmYjczMC1lY2FhLTExZTYtOGY4OC0zNDM2M2JjN2M0YzAiOnsiY3JlYXRlIjo2MDAwMDAwMDAwMCwiZGVsZXRlIjo2MDAwMDAwMDAwMCwidXBkYXRlIjo2MDAwMDAwMDAwMH19",
          "dependencies": [
            "data.gitlab_group.data-desafio-devops",
            "gitlab_group.formandoDevOps",
            "gitlab_project.desafio-devops-podinfo"
          ]
        }
      ]
    },
    {
      "mode": "managed",
      "type": "kind_cluster",
      "name": "desafio-devops",
      "provider": "provider[\"registry.terraform.io/kyma-incubator/kind\"]",
      "instances": [
        {
          "schema_version": 0,
          "attributes": {
            "client_certificate": "-----BEGIN CERTIFICATE-----\nMIIDITCCAgmgAwIBAgIIGbRey22RizYwDQYJKoZIhvcNAQELBQAwFTETMBEGA1UE\nAxMKa3ViZXJuZXRlczAeFw0yMjExMDYwMTU5MThaFw0yMzExMDYwMTU5MjBaMDQx\nFzAVBgNVBAoTDnN5c3RlbTptYXN0ZXJzMRkwFwYDVQQDExBrdWJlcm5ldGVzLWFk\nbWluMIIBIjANBgkqhkiG9w0BAQEFAAOCAQ8AMIIBCgKCAQEA7Fo/DVmuFubb2gby\njrA9dL85aR/VWpPngUpMM4LXDLKU16702Z7vqc3bYbiLRdTHt+Ti2sQHoX9ymTPs\nSxBXOlFekVux0l7621bWjBIL8zmkKmiDgqOz0/FmLJ96E7AtuNpjf4HZJoUjGkfC\nIAA87zIY5kjeMWWsUHe1LpUYcFPCCcTILCxx+yDZge99Z5NjnWEt9K1j2n6DIKkl\nqQ267rpOLKGz7Ijb1yDsQSEluqn2uZMr5Z0L6Ab7twpTHHvklIXZYj5nvgv+ils2\ncjbVuZ51E22DYza/09+SBQGLzHfXpfc+hOwVDym6WvdSp9K6EL7lZewS/DYsKK9z\ntfEwfQIDAQABo1YwVDAOBgNVHQ8BAf8EBAMCBaAwEwYDVR0lBAwwCgYIKwYBBQUH\nAwIwDAYDVR0TAQH/BAIwADAfBgNVHSMEGDAWgBSbUr8bDVqda8DAtAhALZby3CwB\npzANBgkqhkiG9w0BAQsFAAOCAQEAW2u4bJxFkXw+hB3HRADUo4Q6o8LoGTusdhLf\nNeXe3ijodl7ChfnT1cWcwnyDrSjTqAnd+lBK7lfxMmO6Ti0Qv/Y8OtJE0eOkP09/\nlPih4O2G2Uc1sF9Si9XO0JoA491myx1AFkUlcm+cGIIrLyC3XK5TSojw6b8QinjU\noNI1AeZs0aaEAVqtedrbHkxVuiJV98ehmWM8CNUjOJyuXl+izjSAl6CXN0ry9N1Y\nonD4INHHVsbCnYWvZzxoS3IbLt6Ha9zz9T2xDUb9iq7WWVpTpy7oOtwYon2VWACl\n6+DHaNAudnr2mOdqe1L/54HUZHj/zeGlADUSu+Z8wUqlOnNYGA==\n-----END CERTIFICATE-----\n",
            "client_key": "-----BEGIN RSA PRIVATE KEY-----\nMIIEogIBAAKCAQEA7Fo/DVmuFubb2gbyjrA9dL85aR/VWpPngUpMM4LXDLKU1670\n2Z7vqc3bYbiLRdTHt+Ti2sQHoX9ymTPsSxBXOlFekVux0l7621bWjBIL8zmkKmiD\ngqOz0/FmLJ96E7AtuNpjf4HZJoUjGkfCIAA87zIY5kjeMWWsUHe1LpUYcFPCCcTI\nLCxx+yDZge99Z5NjnWEt9K1j2n6DIKklqQ267rpOLKGz7Ijb1yDsQSEluqn2uZMr\n5Z0L6Ab7twpTHHvklIXZYj5nvgv+ils2cjbVuZ51E22DYza/09+SBQGLzHfXpfc+\nhOwVDym6WvdSp9K6EL7lZewS/DYsKK9ztfEwfQIDAQABAoIBAA21Ojzy+5bWct/V\nUVIXRKk1wgWn0/753w5vmbXPG9vfq6RKwGaywiGuD9A+HM3DBoZS3xljDzI9qw7Z\npRXBb92xBHQXxlt2KMR5592d2lWT/UJ8Z0w3ZGGheZSS90iXCj/TYrvtcwO56wxG\nJysl+GLDHBCXH1PsGq9cEgUOnqk9BdSEmnkD2a37xvF5fgCNGuVldvrIKdBgHkX3\nHi44oKPihefRsbCy9Pyh4ux4/ttoqzVc92xE4sWAai+5gHdiswUHvkBujvrCrwaU\nJ58WVkBAZELPcxeLxJUKtg9mDZ6BO51N0AgpXdBf8hdJLjcUBN45NNjsNaSA61mo\nVCFQft0CgYEA8EXRJmH6TJQsQQvZs9Bj5kOmGaBQHXd4jhl+wtomXLDOlfBYmCO5\nd7EK3Kb4t1z+hRa6t5iDBnAZSePpEVCqlJONhzTWD2ZHBVIz973fyODh9qDHaSMy\nNIIMb1MZScvjw738XNKXZMknzRe89XQHUnx3YlnAbVNIKWdO2AJbh9MCgYEA+9K9\nWROnW1x8Pqp0YhHS629kteMjYWztqs1I9A+SyPVORJJAhUvl+Y9uYzpBh91UyhDA\nBTlY21ki/XM+VvOtlt/78F9TxoHRplw9ugHdDidtDY3yA2shsszJkJqYpenBqoiV\nKNIX8JxeB/w42T6wiQlDMlpLIRDQYuSw1lIWBG8CgYA9xaVU2eGw6HNMMdDBkvTs\nET5V3kpamQmMdu+JBu7P68Dg+Y69ZonbRNAHFIJjGexxqPtOEk61TAKkZYzZH8UL\nN7guJ55VDTV7H7wumEk9atuNPZ6m4B6bM0ghItsghuPCwkhsUNQNXE34Q38YF8F+\nKnPC/FIliUDHLEEv9cM0cwKBgBeJ9WUULzqdBIgfCs33+I1FVlaiKrZ6piSnF8Co\njAH43B4QxbMwCwku3RStZ16506kns6tJVwL57Alg8lzSXlGSEky/vGb7z4sLaEGw\n1ubxzIHN2Od05it+dQDtUoN/vDiil76/FLnLBAcfDnlQINROZ1eXlRo8Jh54XgdK\nmQBFAoGAEdvErBMFYylnZ2lBkFpK3QrwAlNp+XL71AEzUNSNl/YeyMvydoozEkOa\n1tRkw2kyUZGamA4LeTQFFXB2kTKd1iG/P7/MAY4/pzf3fkqCW+Ru5s4GSUAvE7c/\nI3AIdkjoshvbW8G6y7dXdZhr6Mwj06MrPuVSkt8eUNfNGw7QWzw=\n-----END RSA PRIVATE KEY-----\n",
            "cluster_ca_certificate": "-----BEGIN CERTIFICATE-----\nMIIC5zCCAc+gAwIBAgIBADANBgkqhkiG9w0BAQsFADAVMRMwEQYDVQQDEwprdWJl\ncm5ldGVzMB4XDTIyMTEwNjAxNTkxOFoXDTMyMTEwMzAxNTkxOFowFTETMBEGA1UE\nAxMKa3ViZXJuZXRlczCCASIwDQYJKoZIhvcNAQEBBQADggEPADCCAQoCggEBAPl4\nIAQB8J9GqyzEGnPjcKC/+yHTFYcbWmSxD9feaoq9e+OOsAV1Q3iBMnFeHKEMX/s6\nVMbSX+LnPPX72VlVpZ158olKJlhESR11b/M5nYMNjPYLOqnyV9FK1h/ck5eTCFha\nk49y+GDSR0OsY6YqBdfnpWiJDxhtMKPEmISM41Y8E4/PTTftH9dyOBcUUWdcQsxb\n8HsvhGhiV3xOopX9Ep5Mm3au+5YeTImN7X1wNqP4N0iY//q/BlYT88cK7Gc8XTtn\nwFMLkaRlZL+twlKUmmQAs9D0ZXkeEwOnGyytQSGq64/JvaWz7qpPRqz0S35ucP/r\nIjlB0nu6SnEfV9sz85sCAwEAAaNCMEAwDgYDVR0PAQH/BAQDAgKkMA8GA1UdEwEB\n/wQFMAMBAf8wHQYDVR0OBBYEFJtSvxsNWp1rwMC0CEAtlvLcLAGnMA0GCSqGSIb3\nDQEBCwUAA4IBAQCxF9D6A6pEyFsjUbWaXJQgDlQJODy2ZTxo/r5iVa5/WFRBYN9t\n9A7rShoqVlVEpJR1cBBwJeZxZ7he+/VCu8z5YrHg0R+OUkAJA5wIlODQxkk187Rc\n422e+Ad/cpU68EcI4etecL6ijljHadnaLVW5zbwalXNhQ2SyD+GzFt38Olt1DI4Z\nV2jdY/kEFLelKtMTwUcD1YHbl4fPdznsPe2JABm8sEN+764Iq/MPTVDW4zGJ8qD9\nysKBLTE2gJSQ963P+NhIgRQ5s3c+Qyj+PnoWmdB8/0QZfzGOlRlWw2T05eLRyFr0\nw4AFZ+DZrt/GZpmEn6ze3ayqExXvOx5x2Xsk\n-----END CERTIFICATE-----\n",
            "endpoint": "https://127.0.0.1:40297",
            "id": "k8s-cluster-",
            "kind_config": [
              {
                "api_version": "kind.x-k8s.io/v1alpha4",
                "containerd_config_patches": null,
                "kind": "Cluster",
                "networking": [],
                "node": [
                  {
                    "extra_mounts": [],
                    "extra_port_mappings": [],
                    "image": "",
                    "kubeadm_config_patches": null,
                    "role": "control-plane"
                  },
                  {
                    "extra_mounts": [],
                    "extra_port_mappings": [
                      {
                        "container_port": 80,
                        "host_port": 80,
                        "listen_address": "",
                        "protocol": ""
                      },
                      {
                        "container_port": 443,
                        "host_port": 443,
                        "listen_address": "",
                        "protocol": ""
                      }
                    ],
                    "image": "",
                    "kubeadm_config_patches": [
                      "kind: JoinConfiguration\nnodeRegistration:\n  kubeletExtraArgs:\n    node-labels: \"ingress-ready=true\"\n"
                    ],
                    "role": "worker"
                  }
                ]
              }
            ],
            "kubeconfig": "apiVersion: v1\nclusters:\n- cluster:\n    certificate-authority-data: LS0tLS1CRUdJTiBDRVJUSUZJQ0FURS0tLS0tCk1JSUM1ekNDQWMrZ0F3SUJBZ0lCQURBTkJna3Foa2lHOXcwQkFRc0ZBREFWTVJNd0VRWURWUVFERXdwcmRXSmwKY201bGRHVnpNQjRYRFRJeU1URXdOakF4TlRreE9Gb1hEVE15TVRFd016QXhOVGt4T0Zvd0ZURVRNQkVHQTFVRQpBeE1LYTNWaVpYSnVaWFJsY3pDQ0FTSXdEUVlKS29aSWh2Y05BUUVCQlFBRGdnRVBBRENDQVFvQ2dnRUJBUGw0CklBUUI4SjlHcXl6RUduUGpjS0MvK3lIVEZZY2JXbVN4RDlmZWFvcTllK09Pc0FWMVEzaUJNbkZlSEtFTVgvczYKVk1iU1grTG5QUFg3MlZsVnBaMTU4b2xLSmxoRVNSMTFiL001bllNTmpQWUxPcW55VjlGSzFoL2NrNWVUQ0ZoYQprNDl5K0dEU1IwT3NZNllxQmRmbnBXaUpEeGh0TUtQRW1JU000MVk4RTQvUFRUZnRIOWR5T0JjVVVXZGNRc3hiCjhIc3ZoR2hpVjN4T29wWDlFcDVNbTNhdSs1WWVUSW1ON1gxd05xUDROMGlZLy9xL0JsWVQ4OGNLN0djOFhUdG4Kd0ZNTGthUmxaTCt0d2xLVW1tUUFzOUQwWlhrZUV3T25HeXl0UVNHcTY0L0p2YVd6N3FwUFJxejBTMzV1Y1AvcgpJamxCMG51NlNuRWZWOXN6ODVzQ0F3RUFBYU5DTUVBd0RnWURWUjBQQVFIL0JBUURBZ0trTUE4R0ExVWRFd0VCCi93UUZNQU1CQWY4d0hRWURWUjBPQkJZRUZKdFN2eHNOV3AxcndNQzBDRUF0bHZMY0xBR25NQTBHQ1NxR1NJYjMKRFFFQkN3VUFBNElCQVFDeEY5RDZBNnBFeUZzalViV2FYSlFnRGxRSk9EeTJaVHhvL3I1aVZhNS9XRlJCWU45dAo5QTdyU2hvcVZsVkVwSlIxY0JCd0plWnhaN2hlKy9WQ3U4ejVZckhnMFIrT1VrQUpBNXdJbE9EUXhrazE4N1JjCjQyMmUrQWQvY3BVNjhFY0k0ZXRlY0w2aWpsakhhZG5hTFZXNXpid2FsWE5oUTJTeUQrR3pGdDM4T2x0MURJNFoKVjJqZFkva0VGTGVsS3RNVHdVY0QxWUhibDRmUGR6bnNQZTJKQUJtOHNFTis3NjRJcS9NUFRWRFc0ekdKOHFEOQp5c0tCTFRFMmdKU1E5NjNQK05oSWdSUTVzM2MrUXlqK1Bub1dtZEI4LzBRWmZ6R09sUmxXdzJUMDVlTFJ5RnIwCnc0QUZaK0RacnQvR1pwbUVuNnplM2F5cUV4WHZPeDV4MlhzawotLS0tLUVORCBDRVJUSUZJQ0FURS0tLS0tCg==\n    server: https://127.0.0.1:40297\n  name: kind-k8s-cluster\ncontexts:\n- context:\n    cluster: kind-k8s-cluster\n    user: kind-k8s-cluster\n  name: kind-k8s-cluster\ncurrent-context: kind-k8s-cluster\nkind: Config\npreferences: {}\nusers:\n- name: kind-k8s-cluster\n  user:\n    client-certificate-data: LS0tLS1CRUdJTiBDRVJUSUZJQ0FURS0tLS0tCk1JSURJVENDQWdtZ0F3SUJBZ0lJR2JSZXkyMlJpell3RFFZSktvWklodmNOQVFFTEJRQXdGVEVUTUJFR0ExVUUKQXhNS2EzVmlaWEp1WlhSbGN6QWVGdzB5TWpFeE1EWXdNVFU1TVRoYUZ3MHlNekV4TURZd01UVTVNakJhTURReApGekFWQmdOVkJBb1REbk41YzNSbGJUcHRZWE4wWlhKek1Sa3dGd1lEVlFRREV4QnJkV0psY201bGRHVnpMV0ZrCmJXbHVNSUlCSWpBTkJna3Foa2lHOXcwQkFRRUZBQU9DQVE4QU1JSUJDZ0tDQVFFQTdGby9EVm11RnViYjJnYnkKanJBOWRMODVhUi9WV3BQbmdVcE1NNExYRExLVTE2NzAyWjd2cWMzYlliaUxSZFRIdCtUaTJzUUhvWDl5bVRQcwpTeEJYT2xGZWtWdXgwbDc2MjFiV2pCSUw4em1rS21pRGdxT3owL0ZtTEo5NkU3QXR1TnBqZjRIWkpvVWpHa2ZDCklBQTg3eklZNWtqZU1XV3NVSGUxTHBVWWNGUENDY1RJTEN4eCt5RFpnZTk5WjVOam5XRXQ5SzFqMm42RElLa2wKcVEyNjdycE9MS0d6N0lqYjF5RHNRU0VsdXFuMnVaTXI1WjBMNkFiN3R3cFRISHZrbElYWllqNW52Z3YraWxzMgpjamJWdVo1MUUyMkRZemEvMDkrU0JRR0x6SGZYcGZjK2hPd1ZEeW02V3ZkU3A5SzZFTDdsWmV3Uy9EWXNLSzl6CnRmRXdmUUlEQVFBQm8xWXdWREFPQmdOVkhROEJBZjhFQkFNQ0JhQXdFd1lEVlIwbEJBd3dDZ1lJS3dZQkJRVUgKQXdJd0RBWURWUjBUQVFIL0JBSXdBREFmQmdOVkhTTUVHREFXZ0JTYlVyOGJEVnFkYThEQXRBaEFMWmJ5M0N3QgpwekFOQmdrcWhraUc5dzBCQVFzRkFBT0NBUUVBVzJ1NGJKeEZrWHcraEIzSFJBRFVvNFE2bzhMb0dUdXNkaExmCk5lWGUzaWpvZGw3Q2hmblQxY1djd255RHJTalRxQW5kK2xCSzdsZnhNbU82VGkwUXYvWThPdEpFMGVPa1AwOS8KbFBpaDRPMkcyVWMxc0Y5U2k5WE8wSm9BNDkxbXl4MUFGa1VsY20rY0dJSXJMeUMzWEs1VFNvanc2YjhRaW5qVQpvTkkxQWVaczBhYUVBVnF0ZWRyYkhreFZ1aUpWOThlaG1XTThDTlVqT0p5dVhsK2l6alNBbDZDWE4wcnk5TjFZCm9uRDRJTkhIVnNiQ25ZV3ZaenhvUzNJYkx0NkhhOXp6OVQyeERVYjlpcTdXV1ZwVHB5N29PdHdZb24yVldBQ2wKNitESGFOQXVkbnIybU9kcWUxTC81NEhVWkhqL3plR2xBRFVTdStaOHdVcWxPbk5ZR0E9PQotLS0tLUVORCBDRVJUSUZJQ0FURS0tLS0tCg==\n    client-key-data: LS0tLS1CRUdJTiBSU0EgUFJJVkFURSBLRVktLS0tLQpNSUlFb2dJQkFBS0NBUUVBN0ZvL0RWbXVGdWJiMmdieWpyQTlkTDg1YVIvVldwUG5nVXBNTTRMWERMS1UxNjcwCjJaN3ZxYzNiWWJpTFJkVEh0K1RpMnNRSG9YOXltVFBzU3hCWE9sRmVrVnV4MGw3NjIxYldqQklMOHpta0ttaUQKZ3FPejAvRm1MSjk2RTdBdHVOcGpmNEhaSm9VakdrZkNJQUE4N3pJWTVramVNV1dzVUhlMUxwVVljRlBDQ2NUSQpMQ3h4K3lEWmdlOTlaNU5qbldFdDlLMWoybjZESUtrbHFRMjY3cnBPTEtHejdJamIxeURzUVNFbHVxbjJ1Wk1yCjVaMEw2QWI3dHdwVEhIdmtsSVhaWWo1bnZnditpbHMyY2piVnVaNTFFMjJEWXphLzA5K1NCUUdMekhmWHBmYysKaE93VkR5bTZXdmRTcDlLNkVMN2xaZXdTL0RZc0tLOXp0ZkV3ZlFJREFRQUJBb0lCQUEyMU9qenkrNWJXY3QvVgpVVklYUktrMXdnV24wLzc1M3c1dm1iWFBHOXZmcTZSS3dHYXl3aUd1RDlBK0hNM0RCb1pTM3hsakR6STlxdzdaCnBSWEJiOTJ4QkhRWHhsdDJLTVI1NTkyZDJsV1QvVUo4WjB3M1pHR2hlWlNTOTBpWENqL1RZcnZ0Y3dPNTZ3eEcKSnlzbCtHTERIQkNYSDFQc0dxOWNFZ1VPbnFrOUJkU0VtbmtEMmEzN3h2RjVmZ0NOR3VWbGR2cklLZEJnSGtYMwpIaTQ0b0tQaWhlZlJzYkN5OVB5aDR1eDQvdHRvcXpWYzkyeEU0c1dBYWkrNWdIZGlzd1VIdmtCdWp2ckNyd2FVCko1OFdWa0JBWkVMUGN4ZUx4SlVLdGc5bURaNkJPNTFOMEFncFhkQmY4aGRKTGpjVUJONDVOTmpzTmFTQTYxbW8KVkNGUWZ0MENnWUVBOEVYUkptSDZUSlFzUVF2WnM5Qmo1a09tR2FCUUhYZDRqaGwrd3RvbVhMRE9sZkJZbUNPNQpkN0VLM0tiNHQxeitoUmE2dDVpREJuQVpTZVBwRVZDcWxKT05oelRXRDJaSEJWSXo5NzNmeU9EaDlxREhhU015Ck5JSU1iMU1aU2N2anc3MzhYTktYWk1rbnpSZTg5WFFIVW54M1lsbkFiVk5JS1dkTzJBSmJoOU1DZ1lFQSs5SzkKV1JPblcxeDhQcXAwWWhIUzYyOWt0ZU1qWVd6dHFzMUk5QStTeVBWT1JKSkFoVXZsK1k5dVl6cEJoOTFVeWhEQQpCVGxZMjFraS9YTStWdk90bHQvNzhGOVR4b0hScGx3OXVnSGREaWR0RFkzeUEyc2hzc3pKa0pxWXBlbkJxb2lWCktOSVg4SnhlQi93NDJUNndpUWxETWxwTElSRFFZdVN3MWxJV0JHOENnWUE5eGFWVTJlR3c2SE5NTWREQmt2VHMKRVQ1VjNrcGFtUW1NZHUrSkJ1N1A2OERnK1k2OVpvbmJSTkFIRklKakdleHhxUHRPRWs2MVRBS2taWXpaSDhVTApON2d1SjU1VkRUVjdIN3d1bUVrOWF0dU5QWjZtNEI2Yk0wZ2hJdHNnaHVQQ3draHNVTlFOWEUzNFEzOFlGOEYrCktuUEMvRklsaVVESExFRXY5Y00wY3dLQmdCZUo5V1VVTHpxZEJJZ2ZDczMzK0kxRlZsYWlLclo2cGlTbkY4Q28KakFINDNCNFF4Yk13Q3drdTNSU3RaMTY1MDZrbnM2dEpWd0w1N0FsZzhselNYbEdTRWt5L3ZHYjd6NHNMYUVHdwoxdWJ4eklITjJPZDA1aXQrZFFEdFVvTi92RGlpbDc2L0ZMbkxCQWNmRG5sUUlOUk9aMWVYbFJvOEpoNTRYZ2RLCm1RQkZBb0dBRWR2RXJCTUZZeWxuWjJsQmtGcEszUXJ3QWxOcCtYTDcxQUV6VU5TTmwvWWV5TXZ5ZG9vekVrT2EKMXRSa3cya3lVWkdhbUE0TGVUUUZGWEIya1RLZDFpRy9QNy9NQVk0L3B6ZjNma3FDVytSdTVzNEdTVUF2RTdjLwpJM0FJZGtqb3NodmJXOEc2eTdkWGRaaHI2TXdqMDZNclB1VlNrdDhlVU5mTkd3N1FXenc9Ci0tLS0tRU5EIFJTQSBQUklWQVRFIEtFWS0tLS0tCg==\n",
            "kubeconfig_path": "/home/roberto/DevOps/formando-devops/desafio-devops/terraform/k8s-cluster-config",
            "name": "k8s-cluster",
            "node_image": null,
            "timeouts": null,
            "wait_for_ready": true
          },
          "sensitive_attributes": [],
          "private": "eyJlMmJmYjczMC1lY2FhLTExZTYtOGY4OC0zNDM2M2JjN2M0YzAiOnsiY3JlYXRlIjozMDAwMDAwMDAwMDAsImRlbGV0ZSI6MzAwMDAwMDAwMDAwLCJ1cGRhdGUiOjMwMDAwMDAwMDAwMH19"
        }
      ]
    }
  ]
}
